// !$*UTF8*$!
{
	archiveVersion = 1;
	classes = {
	};
	objectVersion = 50;
	objects = {

/* Begin PBXBuildFile section */
		84B36E4E221F125F00D1F297 /* physfs_platform_haiku.cpp in Sources */ = {isa = PBXBuildFile; fileRef = 84B36E31221F125D00D1F297 /* physfs_platform_haiku.cpp */; };
		84B36E4F221F125F00D1F297 /* physfs_archiver_dir.c in Sources */ = {isa = PBXBuildFile; fileRef = 84B36E32221F125D00D1F297 /* physfs_archiver_dir.c */; };
		84B36E50221F125F00D1F297 /* physfs_casefolding.h in Headers */ = {isa = PBXBuildFile; fileRef = 84B36E33221F125D00D1F297 /* physfs_casefolding.h */; };
		84B36E51221F125F00D1F297 /* physfs_archiver_hog.c in Sources */ = {isa = PBXBuildFile; fileRef = 84B36E34221F125D00D1F297 /* physfs_archiver_hog.c */; };
		84B36E52221F125F00D1F297 /* physfs_platform_qnx.c in Sources */ = {isa = PBXBuildFile; fileRef = 84B36E35221F125D00D1F297 /* physfs_platform_qnx.c */; };
		84B36E53221F125F00D1F297 /* physfs_byteorder.c in Sources */ = {isa = PBXBuildFile; fileRef = 84B36E36221F125D00D1F297 /* physfs_byteorder.c */; };
		84B36E54221F125F00D1F297 /* physfs_archiver_vdf.c in Sources */ = {isa = PBXBuildFile; fileRef = 84B36E37221F125E00D1F297 /* physfs_archiver_vdf.c */; };
		84B36E55221F125F00D1F297 /* physfs_archiver_qpak.c in Sources */ = {isa = PBXBuildFile; fileRef = 84B36E38221F125E00D1F297 /* physfs_archiver_qpak.c */; };
		84B36E56221F125F00D1F297 /* physfs.c in Sources */ = {isa = PBXBuildFile; fileRef = 84B36E39221F125E00D1F297 /* physfs.c */; };
		84B36E57221F125F00D1F297 /* physfs_internal.h in Headers */ = {isa = PBXBuildFile; fileRef = 84B36E3A221F125E00D1F297 /* physfs_internal.h */; };
		84B36E58221F125F00D1F297 /* physfs_archiver_iso9660.c in Sources */ = {isa = PBXBuildFile; fileRef = 84B36E3B221F125E00D1F297 /* physfs_archiver_iso9660.c */; };
		84B36E59221F125F00D1F297 /* physfs_archiver_unpacked.c in Sources */ = {isa = PBXBuildFile; fileRef = 84B36E3C221F125E00D1F297 /* physfs_archiver_unpacked.c */; };
		84B36E5A221F125F00D1F297 /* physfs_archiver_zip.c in Sources */ = {isa = PBXBuildFile; fileRef = 84B36E3D221F125E00D1F297 /* physfs_archiver_zip.c */; };
		84B36E5B221F125F00D1F297 /* physfs.h in Headers */ = {isa = PBXBuildFile; fileRef = 84B36E3E221F125E00D1F297 /* physfs.h */; };
		84B36E5C221F125F00D1F297 /* physfs_miniz.h in Headers */ = {isa = PBXBuildFile; fileRef = 84B36E3F221F125E00D1F297 /* physfs_miniz.h */; };
		84B36E5D221F125F00D1F297 /* physfs_archiver_grp.c in Sources */ = {isa = PBXBuildFile; fileRef = 84B36E40221F125E00D1F297 /* physfs_archiver_grp.c */; };
		84B36E5E221F125F00D1F297 /* physfs_lzmasdk.h in Headers */ = {isa = PBXBuildFile; fileRef = 84B36E41221F125E00D1F297 /* physfs_lzmasdk.h */; };
		84B36E5F221F125F00D1F297 /* physfs_platform_winrt.cpp in Sources */ = {isa = PBXBuildFile; fileRef = 84B36E42221F125E00D1F297 /* physfs_platform_winrt.cpp */; };
		84B36E60221F125F00D1F297 /* physfs_archiver_wad.c in Sources */ = {isa = PBXBuildFile; fileRef = 84B36E43221F125E00D1F297 /* physfs_archiver_wad.c */; };
		84B36E61221F125F00D1F297 /* physfs_platform_apple.m in Sources */ = {isa = PBXBuildFile; fileRef = 84B36E44221F125E00D1F297 /* physfs_platform_apple.m */; };
		84B36E62221F125F00D1F297 /* physfs_platform_posix.c in Sources */ = {isa = PBXBuildFile; fileRef = 84B36E45221F125E00D1F297 /* physfs_platform_posix.c */; };
		84B36E63221F125F00D1F297 /* physfs_archiver_7z.c in Sources */ = {isa = PBXBuildFile; fileRef = 84B36E46221F125E00D1F297 /* physfs_archiver_7z.c */; };
		84B36E64221F125F00D1F297 /* physfs_unicode.c in Sources */ = {isa = PBXBuildFile; fileRef = 84B36E47221F125E00D1F297 /* physfs_unicode.c */; };
		84B36E65221F125F00D1F297 /* physfs_platform_os2.c in Sources */ = {isa = PBXBuildFile; fileRef = 84B36E48221F125E00D1F297 /* physfs_platform_os2.c */; };
		84B36E66221F125F00D1F297 /* physfs_platform_windows.c in Sources */ = {isa = PBXBuildFile; fileRef = 84B36E49221F125F00D1F297 /* physfs_platform_windows.c */; };
		84B36E67221F125F00D1F297 /* physfs_archiver_mvl.c in Sources */ = {isa = PBXBuildFile; fileRef = 84B36E4A221F125F00D1F297 /* physfs_archiver_mvl.c */; };
		84B36E68221F125F00D1F297 /* physfs_archiver_slb.c in Sources */ = {isa = PBXBuildFile; fileRef = 84B36E4B221F125F00D1F297 /* physfs_archiver_slb.c */; };
		84B36E69221F125F00D1F297 /* physfs_platform_unix.c in Sources */ = {isa = PBXBuildFile; fileRef = 84B36E4C221F125F00D1F297 /* physfs_platform_unix.c */; };
		84B36E6A221F125F00D1F297 /* physfs_platforms.h in Headers */ = {isa = PBXBuildFile; fileRef = 84B36E4D221F125F00D1F297 /* physfs_platforms.h */; };
		84B36E6D221F127000D1F297 /* physfsrwops.h in Headers */ = {isa = PBXBuildFile; fileRef = 84B36E6B221F127000D1F297 /* physfsrwops.h */; };
		84B36E6E221F127000D1F297 /* physfsrwops.c in Sources */ = {isa = PBXBuildFile; fileRef = 84B36E6C221F127000D1F297 /* physfsrwops.c */; };
/* End PBXBuildFile section */

/* Begin PBXFileReference section */
		84B36E1E221F122F00D1F297 /* libphysfs.dylib */ = {isa = PBXFileReference; explicitFileType = "compiled.mach-o.dylib"; includeInIndex = 0; path = libphysfs.dylib; sourceTree = BUILT_PRODUCTS_DIR; };
		84B36E31221F125D00D1F297 /* physfs_platform_haiku.cpp */ = {isa = PBXFileReference; fileEncoding = 4; lastKnownFileType = sourcecode.cpp.cpp; name = physfs_platform_haiku.cpp; path = src/physfs_platform_haiku.cpp; sourceTree = "<group>"; };
		84B36E32221F125D00D1F297 /* physfs_archiver_dir.c */ = {isa = PBXFileReference; fileEncoding = 4; lastKnownFileType = sourcecode.c.c; name = physfs_archiver_dir.c; path = src/physfs_archiver_dir.c; sourceTree = "<group>"; };
		84B36E33221F125D00D1F297 /* physfs_casefolding.h */ = {isa = PBXFileReference; fileEncoding = 4; lastKnownFileType = sourcecode.c.h; name = physfs_casefolding.h; path = src/physfs_casefolding.h; sourceTree = "<group>"; };
		84B36E34221F125D00D1F297 /* physfs_archiver_hog.c */ = {isa = PBXFileReference; fileEncoding = 4; lastKnownFileType = sourcecode.c.c; name = physfs_archiver_hog.c; path = src/physfs_archiver_hog.c; sourceTree = "<group>"; };
		84B36E35221F125D00D1F297 /* physfs_platform_qnx.c */ = {isa = PBXFileReference; fileEncoding = 4; lastKnownFileType = sourcecode.c.c; name = physfs_platform_qnx.c; path = src/physfs_platform_qnx.c; sourceTree = "<group>"; };
		84B36E36221F125D00D1F297 /* physfs_byteorder.c */ = {isa = PBXFileReference; fileEncoding = 4; lastKnownFileType = sourcecode.c.c; name = physfs_byteorder.c; path = src/physfs_byteorder.c; sourceTree = "<group>"; };
		84B36E37221F125E00D1F297 /* physfs_archiver_vdf.c */ = {isa = PBXFileReference; fileEncoding = 4; lastKnownFileType = sourcecode.c.c; name = physfs_archiver_vdf.c; path = src/physfs_archiver_vdf.c; sourceTree = "<group>"; };
		84B36E38221F125E00D1F297 /* physfs_archiver_qpak.c */ = {isa = PBXFileReference; fileEncoding = 4; lastKnownFileType = sourcecode.c.c; name = physfs_archiver_qpak.c; path = src/physfs_archiver_qpak.c; sourceTree = "<group>"; };
		84B36E39221F125E00D1F297 /* physfs.c */ = {isa = PBXFileReference; fileEncoding = 4; lastKnownFileType = sourcecode.c.c; name = physfs.c; path = src/physfs.c; sourceTree = "<group>"; };
		84B36E3A221F125E00D1F297 /* physfs_internal.h */ = {isa = PBXFileReference; fileEncoding = 4; lastKnownFileType = sourcecode.c.h; name = physfs_internal.h; path = src/physfs_internal.h; sourceTree = "<group>"; };
		84B36E3B221F125E00D1F297 /* physfs_archiver_iso9660.c */ = {isa = PBXFileReference; fileEncoding = 4; lastKnownFileType = sourcecode.c.c; name = physfs_archiver_iso9660.c; path = src/physfs_archiver_iso9660.c; sourceTree = "<group>"; };
		84B36E3C221F125E00D1F297 /* physfs_archiver_unpacked.c */ = {isa = PBXFileReference; fileEncoding = 4; lastKnownFileType = sourcecode.c.c; name = physfs_archiver_unpacked.c; path = src/physfs_archiver_unpacked.c; sourceTree = "<group>"; };
		84B36E3D221F125E00D1F297 /* physfs_archiver_zip.c */ = {isa = PBXFileReference; fileEncoding = 4; lastKnownFileType = sourcecode.c.c; name = physfs_archiver_zip.c; path = src/physfs_archiver_zip.c; sourceTree = "<group>"; };
		84B36E3E221F125E00D1F297 /* physfs.h */ = {isa = PBXFileReference; fileEncoding = 4; lastKnownFileType = sourcecode.c.h; name = physfs.h; path = src/physfs.h; sourceTree = "<group>"; };
		84B36E3F221F125E00D1F297 /* physfs_miniz.h */ = {isa = PBXFileReference; fileEncoding = 4; lastKnownFileType = sourcecode.c.h; name = physfs_miniz.h; path = src/physfs_miniz.h; sourceTree = "<group>"; };
		84B36E40221F125E00D1F297 /* physfs_archiver_grp.c */ = {isa = PBXFileReference; fileEncoding = 4; lastKnownFileType = sourcecode.c.c; name = physfs_archiver_grp.c; path = src/physfs_archiver_grp.c; sourceTree = "<group>"; };
		84B36E41221F125E00D1F297 /* physfs_lzmasdk.h */ = {isa = PBXFileReference; fileEncoding = 4; lastKnownFileType = sourcecode.c.h; name = physfs_lzmasdk.h; path = src/physfs_lzmasdk.h; sourceTree = "<group>"; };
		84B36E42221F125E00D1F297 /* physfs_platform_winrt.cpp */ = {isa = PBXFileReference; fileEncoding = 4; lastKnownFileType = sourcecode.cpp.cpp; name = physfs_platform_winrt.cpp; path = src/physfs_platform_winrt.cpp; sourceTree = "<group>"; };
		84B36E43221F125E00D1F297 /* physfs_archiver_wad.c */ = {isa = PBXFileReference; fileEncoding = 4; lastKnownFileType = sourcecode.c.c; name = physfs_archiver_wad.c; path = src/physfs_archiver_wad.c; sourceTree = "<group>"; };
		84B36E44221F125E00D1F297 /* physfs_platform_apple.m */ = {isa = PBXFileReference; fileEncoding = 4; lastKnownFileType = sourcecode.c.objc; name = physfs_platform_apple.m; path = src/physfs_platform_apple.m; sourceTree = "<group>"; };
		84B36E45221F125E00D1F297 /* physfs_platform_posix.c */ = {isa = PBXFileReference; fileEncoding = 4; lastKnownFileType = sourcecode.c.c; name = physfs_platform_posix.c; path = src/physfs_platform_posix.c; sourceTree = "<group>"; };
		84B36E46221F125E00D1F297 /* physfs_archiver_7z.c */ = {isa = PBXFileReference; fileEncoding = 4; lastKnownFileType = sourcecode.c.c; name = physfs_archiver_7z.c; path = src/physfs_archiver_7z.c; sourceTree = "<group>"; };
		84B36E47221F125E00D1F297 /* physfs_unicode.c */ = {isa = PBXFileReference; fileEncoding = 4; lastKnownFileType = sourcecode.c.c; name = physfs_unicode.c; path = src/physfs_unicode.c; sourceTree = "<group>"; };
		84B36E48221F125E00D1F297 /* physfs_platform_os2.c */ = {isa = PBXFileReference; fileEncoding = 4; lastKnownFileType = sourcecode.c.c; name = physfs_platform_os2.c; path = src/physfs_platform_os2.c; sourceTree = "<group>"; };
		84B36E49221F125F00D1F297 /* physfs_platform_windows.c */ = {isa = PBXFileReference; fileEncoding = 4; lastKnownFileType = sourcecode.c.c; name = physfs_platform_windows.c; path = src/physfs_platform_windows.c; sourceTree = "<group>"; };
		84B36E4A221F125F00D1F297 /* physfs_archiver_mvl.c */ = {isa = PBXFileReference; fileEncoding = 4; lastKnownFileType = sourcecode.c.c; name = physfs_archiver_mvl.c; path = src/physfs_archiver_mvl.c; sourceTree = "<group>"; };
		84B36E4B221F125F00D1F297 /* physfs_archiver_slb.c */ = {isa = PBXFileReference; fileEncoding = 4; lastKnownFileType = sourcecode.c.c; name = physfs_archiver_slb.c; path = src/physfs_archiver_slb.c; sourceTree = "<group>"; };
		84B36E4C221F125F00D1F297 /* physfs_platform_unix.c */ = {isa = PBXFileReference; fileEncoding = 4; lastKnownFileType = sourcecode.c.c; name = physfs_platform_unix.c; path = src/physfs_platform_unix.c; sourceTree = "<group>"; };
		84B36E4D221F125F00D1F297 /* physfs_platforms.h */ = {isa = PBXFileReference; fileEncoding = 4; lastKnownFileType = sourcecode.c.h; name = physfs_platforms.h; path = src/physfs_platforms.h; sourceTree = "<group>"; };
		84B36E6B221F127000D1F297 /* physfsrwops.h */ = {isa = PBXFileReference; fileEncoding = 4; lastKnownFileType = sourcecode.c.h; name = physfsrwops.h; path = extras/physfsrwops.h; sourceTree = "<group>"; };
		84B36E6C221F127000D1F297 /* physfsrwops.c */ = {isa = PBXFileReference; fileEncoding = 4; lastKnownFileType = sourcecode.c.c; name = physfsrwops.c; path = extras/physfsrwops.c; sourceTree = "<group>"; };
/* End PBXFileReference section */

/* Begin PBXFrameworksBuildPhase section */
		84B36E1C221F122F00D1F297 /* Frameworks */ = {
			isa = PBXFrameworksBuildPhase;
			buildActionMask = 2147483647;
			files = (
			);
			runOnlyForDeploymentPostprocessing = 0;
		};
/* End PBXFrameworksBuildPhase section */

/* Begin PBXGroup section */
		84B36E15221F122F00D1F297 = {
			isa = PBXGroup;
			children = (
				84B36E6C221F127000D1F297 /* physfsrwops.c */,
				84B36E6B221F127000D1F297 /* physfsrwops.h */,
				84B36E46221F125E00D1F297 /* physfs_archiver_7z.c */,
				84B36E32221F125D00D1F297 /* physfs_archiver_dir.c */,
				84B36E40221F125E00D1F297 /* physfs_archiver_grp.c */,
				84B36E34221F125D00D1F297 /* physfs_archiver_hog.c */,
				84B36E3B221F125E00D1F297 /* physfs_archiver_iso9660.c */,
				84B36E4A221F125F00D1F297 /* physfs_archiver_mvl.c */,
				84B36E38221F125E00D1F297 /* physfs_archiver_qpak.c */,
				84B36E4B221F125F00D1F297 /* physfs_archiver_slb.c */,
				84B36E3C221F125E00D1F297 /* physfs_archiver_unpacked.c */,
				84B36E37221F125E00D1F297 /* physfs_archiver_vdf.c */,
				84B36E43221F125E00D1F297 /* physfs_archiver_wad.c */,
				84B36E3D221F125E00D1F297 /* physfs_archiver_zip.c */,
				84B36E36221F125D00D1F297 /* physfs_byteorder.c */,
				84B36E33221F125D00D1F297 /* physfs_casefolding.h */,
				84B36E3A221F125E00D1F297 /* physfs_internal.h */,
				84B36E41221F125E00D1F297 /* physfs_lzmasdk.h */,
				84B36E3F221F125E00D1F297 /* physfs_miniz.h */,
				84B36E44221F125E00D1F297 /* physfs_platform_apple.m */,
				84B36E31221F125D00D1F297 /* physfs_platform_haiku.cpp */,
				84B36E48221F125E00D1F297 /* physfs_platform_os2.c */,
				84B36E45221F125E00D1F297 /* physfs_platform_posix.c */,
				84B36E35221F125D00D1F297 /* physfs_platform_qnx.c */,
				84B36E4C221F125F00D1F297 /* physfs_platform_unix.c */,
				84B36E49221F125F00D1F297 /* physfs_platform_windows.c */,
				84B36E42221F125E00D1F297 /* physfs_platform_winrt.cpp */,
				84B36E4D221F125F00D1F297 /* physfs_platforms.h */,
				84B36E47221F125E00D1F297 /* physfs_unicode.c */,
				84B36E39221F125E00D1F297 /* physfs.c */,
				84B36E3E221F125E00D1F297 /* physfs.h */,
				84B36E1F221F122F00D1F297 /* Products */,
			);
			sourceTree = "<group>";
		};
		84B36E1F221F122F00D1F297 /* Products */ = {
			isa = PBXGroup;
			children = (
				84B36E1E221F122F00D1F297 /* libphysfs.dylib */,
			);
			name = Products;
			sourceTree = "<group>";
		};
/* End PBXGroup section */

/* Begin PBXHeadersBuildPhase section */
		84B36E1A221F122F00D1F297 /* Headers */ = {
			isa = PBXHeadersBuildPhase;
			buildActionMask = 2147483647;
			files = (
				84B36E5E221F125F00D1F297 /* physfs_lzmasdk.h in Headers */,
				84B36E57221F125F00D1F297 /* physfs_internal.h in Headers */,
				84B36E6A221F125F00D1F297 /* physfs_platforms.h in Headers */,
				84B36E50221F125F00D1F297 /* physfs_casefolding.h in Headers */,
				84B36E6D221F127000D1F297 /* physfsrwops.h in Headers */,
				84B36E5B221F125F00D1F297 /* physfs.h in Headers */,
				84B36E5C221F125F00D1F297 /* physfs_miniz.h in Headers */,
			);
			runOnlyForDeploymentPostprocessing = 0;
		};
/* End PBXHeadersBuildPhase section */

/* Begin PBXNativeTarget section */
		84B36E1D221F122F00D1F297 /* physfs */ = {
			isa = PBXNativeTarget;
			buildConfigurationList = 84B36E22221F122F00D1F297 /* Build configuration list for PBXNativeTarget "physfs" */;
			buildPhases = (
				84B36E1A221F122F00D1F297 /* Headers */,
				84B36E1B221F122F00D1F297 /* Sources */,
				84B36E1C221F122F00D1F297 /* Frameworks */,
			);
			buildRules = (
			);
			dependencies = (
			);
			name = physfs;
			productName = physfs;
			productReference = 84B36E1E221F122F00D1F297 /* libphysfs.dylib */;
			productType = "com.apple.product-type.library.dynamic";
		};
/* End PBXNativeTarget section */

/* Begin PBXProject section */
		84B36E16221F122F00D1F297 /* Project object */ = {
			isa = PBXProject;
			attributes = {
				LastUpgradeCheck = 1010;
				ORGANIZATIONNAME = DigitalMagic;
				TargetAttributes = {
					84B36E1D221F122F00D1F297 = {
						CreatedOnToolsVersion = 10.1;
					};
				};
			};
			buildConfigurationList = 84B36E19221F122F00D1F297 /* Build configuration list for PBXProject "physfs" */;
			compatibilityVersion = "Xcode 9.3";
			developmentRegion = en;
			hasScannedForEncodings = 0;
			knownRegions = (
				en,
			);
			mainGroup = 84B36E15221F122F00D1F297;
			productRefGroup = 84B36E1F221F122F00D1F297 /* Products */;
			projectDirPath = "";
			projectRoot = "";
			targets = (
				84B36E1D221F122F00D1F297 /* physfs */,
			);
		};
/* End PBXProject section */

/* Begin PBXSourcesBuildPhase section */
		84B36E1B221F122F00D1F297 /* Sources */ = {
			isa = PBXSourcesBuildPhase;
			buildActionMask = 2147483647;
			files = (
				84B36E68221F125F00D1F297 /* physfs_archiver_slb.c in Sources */,
				84B36E58221F125F00D1F297 /* physfs_archiver_iso9660.c in Sources */,
				84B36E5F221F125F00D1F297 /* physfs_platform_winrt.cpp in Sources */,
				84B36E4F221F125F00D1F297 /* physfs_archiver_dir.c in Sources */,
				84B36E5D221F125F00D1F297 /* physfs_archiver_grp.c in Sources */,
				84B36E64221F125F00D1F297 /* physfs_unicode.c in Sources */,
				84B36E66221F125F00D1F297 /* physfs_platform_windows.c in Sources */,
				84B36E52221F125F00D1F297 /* physfs_platform_qnx.c in Sources */,
				84B36E60221F125F00D1F297 /* physfs_archiver_wad.c in Sources */,
				84B36E67221F125F00D1F297 /* physfs_archiver_mvl.c in Sources */,
				84B36E55221F125F00D1F297 /* physfs_archiver_qpak.c in Sources */,
				84B36E4E221F125F00D1F297 /* physfs_platform_haiku.cpp in Sources */,
				84B36E5A221F125F00D1F297 /* physfs_archiver_zip.c in Sources */,
				84B36E53221F125F00D1F297 /* physfs_byteorder.c in Sources */,
				84B36E69221F125F00D1F297 /* physfs_platform_unix.c in Sources */,
				84B36E51221F125F00D1F297 /* physfs_archiver_hog.c in Sources */,
				84B36E62221F125F00D1F297 /* physfs_platform_posix.c in Sources */,
				84B36E56221F125F00D1F297 /* physfs.c in Sources */,
				84B36E61221F125F00D1F297 /* physfs_platform_apple.m in Sources */,
				84B36E54221F125F00D1F297 /* physfs_archiver_vdf.c in Sources */,
				84B36E65221F125F00D1F297 /* physfs_platform_os2.c in Sources */,
				84B36E59221F125F00D1F297 /* physfs_archiver_unpacked.c in Sources */,
				84B36E6E221F127000D1F297 /* physfsrwops.c in Sources */,
				84B36E63221F125F00D1F297 /* physfs_archiver_7z.c in Sources */,
			);
			runOnlyForDeploymentPostprocessing = 0;
		};
/* End PBXSourcesBuildPhase section */

/* Begin XCBuildConfiguration section */
		84B36E20221F122F00D1F297 /* Debug */ = {
			isa = XCBuildConfiguration;
			buildSettings = {
				ALWAYS_SEARCH_USER_PATHS = NO;
				CLANG_ANALYZER_NONNULL = YES;
				CLANG_ANALYZER_NUMBER_OBJECT_CONVERSION = YES_AGGRESSIVE;
				CLANG_CXX_LANGUAGE_STANDARD = "gnu++14";
				CLANG_CXX_LIBRARY = "libc++";
				CLANG_ENABLE_MODULES = YES;
				CLANG_ENABLE_OBJC_ARC = YES;
				CLANG_ENABLE_OBJC_WEAK = YES;
				CLANG_WARN_BLOCK_CAPTURE_AUTORELEASING = YES;
				CLANG_WARN_BOOL_CONVERSION = YES;
				CLANG_WARN_COMMA = YES;
				CLANG_WARN_CONSTANT_CONVERSION = YES;
				CLANG_WARN_DEPRECATED_OBJC_IMPLEMENTATIONS = YES;
				CLANG_WARN_DIRECT_OBJC_ISA_USAGE = YES_ERROR;
				CLANG_WARN_DOCUMENTATION_COMMENTS = YES;
				CLANG_WARN_EMPTY_BODY = YES;
				CLANG_WARN_ENUM_CONVERSION = YES;
				CLANG_WARN_INFINITE_RECURSION = YES;
				CLANG_WARN_INT_CONVERSION = YES;
				CLANG_WARN_NON_LITERAL_NULL_CONVERSION = YES;
				CLANG_WARN_OBJC_IMPLICIT_RETAIN_SELF = YES;
				CLANG_WARN_OBJC_LITERAL_CONVERSION = YES;
				CLANG_WARN_OBJC_ROOT_CLASS = YES_ERROR;
				CLANG_WARN_RANGE_LOOP_ANALYSIS = YES;
				CLANG_WARN_STRICT_PROTOTYPES = YES;
				CLANG_WARN_SUSPICIOUS_MOVE = YES;
				CLANG_WARN_UNGUARDED_AVAILABILITY = YES_AGGRESSIVE;
				CLANG_WARN_UNREACHABLE_CODE = YES;
				CLANG_WARN__DUPLICATE_METHOD_MATCH = YES;
				CODE_SIGN_IDENTITY = "Mac Developer";
				COPY_PHASE_STRIP = NO;
				DEBUG_INFORMATION_FORMAT = dwarf;
				ENABLE_STRICT_OBJC_MSGSEND = YES;
				ENABLE_TESTABILITY = YES;
				GCC_C_LANGUAGE_STANDARD = gnu11;
				GCC_DYNAMIC_NO_PIC = NO;
				GCC_NO_COMMON_BLOCKS = YES;
				GCC_OPTIMIZATION_LEVEL = 0;
				GCC_PREPROCESSOR_DEFINITIONS = (
					"DEBUG=1",
					"$(inherited)",
				);
				GCC_WARN_64_TO_32_BIT_CONVERSION = YES;
				GCC_WARN_ABOUT_RETURN_TYPE = YES_ERROR;
				GCC_WARN_UNDECLARED_SELECTOR = YES;
				GCC_WARN_UNINITIALIZED_AUTOS = YES_AGGRESSIVE;
				GCC_WARN_UNUSED_FUNCTION = YES;
				GCC_WARN_UNUSED_VARIABLE = YES;
				MACOSX_DEPLOYMENT_TARGET = 10.14;
				MTL_ENABLE_DEBUG_INFO = INCLUDE_SOURCE;
				MTL_FAST_MATH = YES;
				ONLY_ACTIVE_ARCH = YES;
				SDKROOT = macosx;
			};
			name = Debug;
		};
		84B36E21221F122F00D1F297 /* Release */ = {
			isa = XCBuildConfiguration;
			buildSettings = {
				ALWAYS_SEARCH_USER_PATHS = NO;
				CLANG_ANALYZER_NONNULL = YES;
				CLANG_ANALYZER_NUMBER_OBJECT_CONVERSION = YES_AGGRESSIVE;
				CLANG_CXX_LANGUAGE_STANDARD = "gnu++14";
				CLANG_CXX_LIBRARY = "libc++";
				CLANG_ENABLE_MODULES = YES;
				CLANG_ENABLE_OBJC_ARC = YES;
				CLANG_ENABLE_OBJC_WEAK = YES;
				CLANG_WARN_BLOCK_CAPTURE_AUTORELEASING = YES;
				CLANG_WARN_BOOL_CONVERSION = YES;
				CLANG_WARN_COMMA = YES;
				CLANG_WARN_CONSTANT_CONVERSION = YES;
				CLANG_WARN_DEPRECATED_OBJC_IMPLEMENTATIONS = YES;
				CLANG_WARN_DIRECT_OBJC_ISA_USAGE = YES_ERROR;
				CLANG_WARN_DOCUMENTATION_COMMENTS = YES;
				CLANG_WARN_EMPTY_BODY = YES;
				CLANG_WARN_ENUM_CONVERSION = YES;
				CLANG_WARN_INFINITE_RECURSION = YES;
				CLANG_WARN_INT_CONVERSION = YES;
				CLANG_WARN_NON_LITERAL_NULL_CONVERSION = YES;
				CLANG_WARN_OBJC_IMPLICIT_RETAIN_SELF = YES;
				CLANG_WARN_OBJC_LITERAL_CONVERSION = YES;
				CLANG_WARN_OBJC_ROOT_CLASS = YES_ERROR;
				CLANG_WARN_RANGE_LOOP_ANALYSIS = YES;
				CLANG_WARN_STRICT_PROTOTYPES = YES;
				CLANG_WARN_SUSPICIOUS_MOVE = YES;
				CLANG_WARN_UNGUARDED_AVAILABILITY = YES_AGGRESSIVE;
				CLANG_WARN_UNREACHABLE_CODE = YES;
				CLANG_WARN__DUPLICATE_METHOD_MATCH = YES;
				CODE_SIGN_IDENTITY = "Mac Developer";
				COPY_PHASE_STRIP = NO;
				DEBUG_INFORMATION_FORMAT = "dwarf-with-dsym";
				ENABLE_NS_ASSERTIONS = NO;
				ENABLE_STRICT_OBJC_MSGSEND = YES;
				GCC_C_LANGUAGE_STANDARD = gnu11;
				GCC_NO_COMMON_BLOCKS = YES;
				GCC_WARN_64_TO_32_BIT_CONVERSION = YES;
				GCC_WARN_ABOUT_RETURN_TYPE = YES_ERROR;
				GCC_WARN_UNDECLARED_SELECTOR = YES;
				GCC_WARN_UNINITIALIZED_AUTOS = YES_AGGRESSIVE;
				GCC_WARN_UNUSED_FUNCTION = YES;
				GCC_WARN_UNUSED_VARIABLE = YES;
				MACOSX_DEPLOYMENT_TARGET = 10.14;
				MTL_ENABLE_DEBUG_INFO = NO;
				MTL_FAST_MATH = YES;
				SDKROOT = macosx;
			};
			name = Release;
		};
		84B36E23221F122F00D1F297 /* Debug */ = {
			isa = XCBuildConfiguration;
			buildSettings = {
				CODE_SIGN_STYLE = Automatic;
				DEVELOPMENT_TEAM = 46X82KAJHC;
				DYLIB_COMPATIBILITY_VERSION = 1;
				DYLIB_CURRENT_VERSION = 1;
				EXECUTABLE_PREFIX = lib;
				PRODUCT_NAME = "$(TARGET_NAME)";
				SKIP_INSTALL = YES;
			};
			name = Debug;
		};
		84B36E24221F122F00D1F297 /* Release */ = {
			isa = XCBuildConfiguration;
			buildSettings = {
				CODE_SIGN_STYLE = Automatic;
				DEVELOPMENT_TEAM = 46X82KAJHC;
				DYLIB_COMPATIBILITY_VERSION = 1;
				DYLIB_CURRENT_VERSION = 1;
				EXECUTABLE_PREFIX = lib;
				PRODUCT_NAME = "$(TARGET_NAME)";
				SKIP_INSTALL = YES;
			};
			name = Release;
		};
/* End XCBuildConfiguration section */

/* Begin XCConfigurationList section */
		84B36E19221F122F00D1F297 /* Build configuration list for PBXProject "physfs" */ = {
			isa = XCConfigurationList;
			buildConfigurations = (
				84B36E20221F122F00D1F297 /* Debug */,
				84B36E21221F122F00D1F297 /* Release */,
			);
			defaultConfigurationIsVisible = 0;
			defaultConfigurationName = Release;
		};
		84B36E22221F122F00D1F297 /* Build configuration list for PBXNativeTarget "physfs" */ = {
			isa = XCConfigurationList;
			buildConfigurations = (
				84B36E23221F122F00D1F297 /* Debug */,
				84B36E24221F122F00D1F297 /* Release */,
			);
			defaultConfigurationIsVisible = 0;
			defaultConfigurationName = Release;
		};
/* End XCConfigurationList section */
	};
	rootObject = 84B36E16221F122F00D1F297 /* Project object */;
}
